
Microsoft Visual Studio Solution File, Format Version 12.00
# Visual Studio Version 16
VisualStudioVersion = 16.0.29519.181
MinimumVisualStudioVersion = 10.0.40219.1
Project("{FAE04EC0-301F-11D3-BF4B-00C04F79EFBC}") = "ZangClass Extension", "ZangClass Extension\ZangClass Extension.csproj", "{C7AAE4A1-138E-4C91-B4F5-477350F82891}"
EndProject
Global
	GlobalSection(SolutionConfigurationPlatforms) = preSolution
		Debug|Any CPU = Debug|Any CPU
		Release|Any CPU = Release|Any CPU
	EndGlobalSection
	GlobalSection(ProjectConfigurationPlatforms) = postSolution
		{C7AAE4A1-138E-4C91-B4F5-477350F82891}.Debug|Any CPU.ActiveCfg = Debug|Any CPU
		{C7AAE4A1-138E-4C91-B4F5-477350F82891}.Debug|Any CPU.Build.0 = Debug|Any CPU
		{C7AAE4A1-138E-4C91-B4F5-477350F82891}.Release|Any CPU.ActiveCfg = Release|Any CPU
		{C7AAE4A1-138E-4C91-B4F5-477350F82891}.Release|Any CPU.Build.0 = Release|Any CPU
	EndGlobalSection
	GlobalSection(SolutionProperties) = preSolution
		HideSolutionNode = FALSE
	EndGlobalSection
	GlobalSection(ExtensibilityGlobals) = postSolution
		SolutionGuid = {1B4CC5AD-4191-44A6-8C6A-FD47A6CF0EE6}
	EndGlobalSection
EndGlobal
